<?xml version="1.0" encoding="utf-8"?>
<Project ToolsVersion="4.0" xmlns="http://schemas.microsoft.com/developer/msbuild/2003">
  <ItemGroup>
    <Filter Include="Source Files">
      <UniqueIdentifier>{4FC737F1-C7A5-4376-A066-2A32D752A2FF}</UniqueIdentifier>
      <Extensions>cpp;c;cc;cxx;c++;cppm;ixx;def;odl;idl;hpj;bat;asm;asmx</Extensions>
    </Filter>
    <Filter Include="Header Files">
      <UniqueIdentifier>{93995380-89BD-4b04-88EB-625FBE52EBFB}</UniqueIdentifier>
      <Extensions>h;hh;hpp;hxx;h++;hm;inl;inc;ipp;xsd</Extensions>
    </Filter>
    <Filter Include="Resource Files">
      <UniqueIdentifier>{67DA6AB6-F800-4c08-8B7A-83BB121AAD01}</UniqueIdentifier>
      <Extensions>rc;ico;cur;bmp;dlg;rc2;rct;bin;rgs;gif;jpg;jpeg;jpe;resx;tiff;tif;png;wav;mfcribbon-ms</Extensions>
    </Filter>
    <Filter Include="include">
      <UniqueIdentifier>{5deac7ed-ba95-4476-8329-bd4cb0349cc7}</UniqueIdentifier>
    </Filter>
  </ItemGroup>
  <ItemGroup>
    <ClInclude Include="ReconstructVideoFromScan.h">
      <Filter>Header Files</Filter>
    </ClInclude>
    <ClInclude Include="ReconstructVideoFromScanDlg.h">
      <Filter>Header Files</Filter>
    </ClInclude>
    <ClInclude Include="framework.h">
      <Filter>Header Files</Filter>
    </ClInclude>
    <ClInclude Include="targetver.h">
      <Filter>Header Files</Filter>
    </ClInclude>
    <ClInclude Include="Resource.h">
      <Filter>Header Files</Filter>
    </ClInclude>
    <ClInclude Include="pch.h">
      <Filter>Header Files</Filter>
    </ClInclude>
    <ClInclude Include="..\include\utilities.h">
      <Filter>include</Filter>
    </ClInclude>
    <ClInclude Include="..\include\StitchImage.h">
      <Filter>include</Filter>
    </ClInclude>
    <ClInclude Include="..\include\ConsoleAdapter.h">
      <Filter>include</Filter>
    </ClInclude>
    <ClInclude Include="..\Common\CintelRawImage.h">
      <Filter>include</Filter>
    </ClInclude>
    <ClInclude Include="..\Common\KeyKode.h">
      <Filter>include</Filter>
    </ClInclude>
    <ClInclude Include="..\Common\TimeCode.h">
      <Filter>include</Filter>
    </ClInclude>
  </ItemGroup>
  <ItemGroup>
    <ClCompile Include="ReconstructVideoFromScan.cpp">
      <Filter>Source Files</Filter>
    </ClCompile>
    <ClCompile Include="ReconstructVideoFromScanDlg.cpp">
      <Filter>Source Files</Filter>
    </ClCompile>
    <ClCompile Include="pch.cpp">
      <Filter>Source Files</Filter>
    </ClCompile>
    <ClCompile Include="..\include\StitchImage.cpp">
      <Filter>include</Filter>
    </ClCompile>
    <ClCompile Include="..\include\ConsoleAdapter.cpp">
      <Filter>include</Filter>
    </ClCompile>
    <ClCompile Include="..\Common\CintelRawImage.cpp">
      <Filter>include</Filter>
    </ClCompile>
    <ClCompile Include="..\Common\KeyKode.cpp">
      <Filter>include</Filter>
    </ClCompile>
    <ClCompile Include="..\Common\TimeCode.cpp">
      <Filter>include</Filter>
    </ClCompile>
  </ItemGroup>
  <ItemGroup>
    <ResourceCompile Include="ReconstructVideoFromScan.rc">
      <Filter>Resource Files</Filter>
    </ResourceCompile>
  </ItemGroup>
  <ItemGroup>
    <None Include="res\ReconstructVideoFromScan.rc2">
      <Filter>Resource Files</Filter>
    </None>
  </ItemGroup>
  <ItemGroup>
    <Image Include="res\ReconstructVideoFromScan.ico">
      <Filter>Resource Files</Filter>
    </Image>
  </ItemGroup>
  <ItemGroup>
    <Midl Include="..\Win\include\ScannerAPI.idl">
      <Filter>include</Filter>
    </Midl>
  </ItemGroup>
</Project>